// !$*UTF8*$!
{
	archiveVersion = 1;
	classes = {
	};
	objectVersion = 55;
	objects = {

/* Begin PBXBuildFile section */
		BADD53A828BCFFDC0084419D /* hw17App.swift in Sources */ = {isa = PBXBuildFile; fileRef = BADD53A728BCFFDC0084419D /* hw17App.swift */; };
		BADD53AA28BCFFDC0084419D /* ContentView.swift in Sources */ = {isa = PBXBuildFile; fileRef = BADD53A928BCFFDC0084419D /* ContentView.swift */; };
		BADD53AC28BCFFDE0084419D /* Assets.xcassets in Resources */ = {isa = PBXBuildFile; fileRef = BADD53AB28BCFFDE0084419D /* Assets.xcassets */; };
		BADD53AF28BCFFDE0084419D /* Preview Assets.xcassets in Resources */ = {isa = PBXBuildFile; fileRef = BADD53AE28BCFFDE0084419D /* Preview Assets.xcassets */; };
		BADD53B628BDE5E30084419D /* LibraryView.swift in Sources */ = {isa = PBXBuildFile; fileRef = BADD53B528BDE5E30084419D /* LibraryView.swift */; };
		BADD53B828BE75A60084419D /* TabsView.swift in Sources */ = {isa = PBXBuildFile; fileRef = BADD53B728BE75A60084419D /* TabsView.swift */; };
		BADD53BA28BE76550084419D /* NowPlayingBar.swift in Sources */ = {isa = PBXBuildFile; fileRef = BADD53B928BE76550084419D /* NowPlayingBar.swift */; };
		BADD53BC28BE78010084419D /* MainLibrary.swift in Sources */ = {isa = PBXBuildFile; fileRef = BADD53BB28BE78010084419D /* MainLibrary.swift */; };
		BADD53BE28BE78410084419D /* EditLibrary.swift in Sources */ = {isa = PBXBuildFile; fileRef = BADD53BD28BE78410084419D /* EditLibrary.swift */; };
		BADD53C028BE78640084419D /* LibraryData.swift in Sources */ = {isa = PBXBuildFile; fileRef = BADD53BF28BE78630084419D /* LibraryData.swift */; };
/* End PBXBuildFile section */

/* Begin PBXFileReference section */
		BADD53A428BCFFDC0084419D /* hw17.app */ = {isa = PBXFileReference; explicitFileType = wrapper.application; includeInIndex = 0; path = hw17.app; sourceTree = BUILT_PRODUCTS_DIR; };
		BADD53A728BCFFDC0084419D /* hw17App.swift */ = {isa = PBXFileReference; lastKnownFileType = sourcecode.swift; path = hw17App.swift; sourceTree = "<group>"; };
		BADD53A928BCFFDC0084419D /* ContentView.swift */ = {isa = PBXFileReference; lastKnownFileType = sourcecode.swift; path = ContentView.swift; sourceTree = "<group>"; };
		BADD53AB28BCFFDE0084419D /* Assets.xcassets */ = {isa = PBXFileReference; lastKnownFileType = folder.assetcatalog; path = Assets.xcassets; sourceTree = "<group>"; };
		BADD53AE28BCFFDE0084419D /* Preview Assets.xcassets */ = {isa = PBXFileReference; lastKnownFileType = folder.assetcatalog; path = "Preview Assets.xcassets"; sourceTree = "<group>"; };
		BADD53B528BDE5E30084419D /* LibraryView.swift */ = {isa = PBXFileReference; lastKnownFileType = sourcecode.swift; path = LibraryView.swift; sourceTree = "<group>"; };
		BADD53B728BE75A60084419D /* TabsView.swift */ = {isa = PBXFileReference; lastKnownFileType = sourcecode.swift; path = TabsView.swift; sourceTree = "<group>"; };
		BADD53B928BE76550084419D /* NowPlayingBar.swift */ = {isa = PBXFileReference; lastKnownFileType = sourcecode.swift; path = NowPlayingBar.swift; sourceTree = "<group>"; };
		BADD53BB28BE78010084419D /* MainLibrary.swift */ = {isa = PBXFileReference; lastKnownFileType = sourcecode.swift; path = MainLibrary.swift; sourceTree = "<group>"; };
		BADD53BD28BE78410084419D /* EditLibrary.swift */ = {isa = PBXFileReference; lastKnownFileType = sourcecode.swift; path = EditLibrary.swift; sourceTree = "<group>"; };
		BADD53BF28BE78630084419D /* LibraryData.swift */ = {isa = PBXFileReference; lastKnownFileType = sourcecode.swift; path = LibraryData.swift; sourceTree = "<group>"; };
/* End PBXFileReference section */

/* Begin PBXFrameworksBuildPhase section */
		BADD53A128BCFFDC0084419D /* Frameworks */ = {
			isa = PBXFrameworksBuildPhase;
			buildActionMask = 2147483647;
			files = (
			);
			runOnlyForDeploymentPostprocessing = 0;
		};
/* End PBXFrameworksBuildPhase section */

/* Begin PBXGroup section */
		BADD539B28BCFFDC0084419D = {
			isa = PBXGroup;
			children = (
				BADD53A628BCFFDC0084419D /* hw17 */,
				BADD53A528BCFFDC0084419D /* Products */,
			);
			sourceTree = "<group>";
		};
		BADD53A528BCFFDC0084419D /* Products */ = {
			isa = PBXGroup;
			children = (
				BADD53A428BCFFDC0084419D /* hw17.app */,
			);
			name = Products;
			sourceTree = "<group>";
		};
		BADD53A628BCFFDC0084419D /* hw17 */ = {
			isa = PBXGroup;
			children = (
				BADD53A728BCFFDC0084419D /* hw17App.swift */,
				BADD53A928BCFFDC0084419D /* ContentView.swift */,
				BADD53AB28BCFFDE0084419D /* Assets.xcassets */,
				BADD53AD28BCFFDE0084419D /* Preview Content */,
				BADD53B528BDE5E30084419D /* LibraryView.swift */,
				BADD53B728BE75A60084419D /* TabsView.swift */,
				BADD53B928BE76550084419D /* NowPlayingBar.swift */,
				BADD53BB28BE78010084419D /* MainLibrary.swift */,
				BADD53BD28BE78410084419D /* EditLibrary.swift */,
				BADD53BF28BE78630084419D /* LibraryData.swift */,
			);
			path = hw17;
			sourceTree = "<group>";
		};
		BADD53AD28BCFFDE0084419D /* Preview Content */ = {
			isa = PBXGroup;
			children = (
				BADD53AE28BCFFDE0084419D /* Preview Assets.xcassets */,
			);
			path = "Preview Content";
			sourceTree = "<group>";
		};
/* End PBXGroup section */

/* Begin PBXNativeTarget section */
		BADD53A328BCFFDC0084419D /* hw17 */ = {
			isa = PBXNativeTarget;
			buildConfigurationList = BADD53B228BCFFDE0084419D /* Build configuration list for PBXNativeTarget "hw17" */;
			buildPhases = (
				BADD53A028BCFFDC0084419D /* Sources */,
				BADD53A128BCFFDC0084419D /* Frameworks */,
				BADD53A228BCFFDC0084419D /* Resources */,
			);
			buildRules = (
			);
			dependencies = (
			);
			name = hw17;
			productName = hw17;
			productReference = BADD53A428BCFFDC0084419D /* hw17.app */;
			productType = "com.apple.product-type.application";
		};
/* End PBXNativeTarget section */

/* Begin PBXProject section */
		BADD539C28BCFFDC0084419D /* Project object */ = {
			isa = PBXProject;
			attributes = {
				BuildIndependentTargetsInParallel = 1;
				LastSwiftUpdateCheck = 1330;
				LastUpgradeCheck = 1330;
				TargetAttributes = {
					BADD53A328BCFFDC0084419D = {
						CreatedOnToolsVersion = 13.3;
					};
				};
			};
			buildConfigurationList = BADD539F28BCFFDC0084419D /* Build configuration list for PBXProject "hw17" */;
			compatibilityVersion = "Xcode 13.0";
			developmentRegion = en;
			hasScannedForEncodings = 0;
			knownRegions = (
				en,
				Base,
			);
			mainGroup = BADD539B28BCFFDC0084419D;
			productRefGroup = BADD53A528BCFFDC0084419D /* Products */;
			projectDirPath = "";
			projectRoot = "";
			targets = (
				BADD53A328BCFFDC0084419D /* hw17 */,
			);
		};
/* End PBXProject section */

/* Begin PBXResourcesBuildPhase section */
		BADD53A228BCFFDC0084419D /* Resources */ = {
			isa = PBXResourcesBuildPhase;
			buildActionMask = 2147483647;
			files = (
				BADD53AF28BCFFDE0084419D /* Preview Assets.xcassets in Resources */,
				BADD53AC28BCFFDE0084419D /* Assets.xcassets in Resources */,
			);
			runOnlyForDeploymentPostprocessing = 0;
		};
/* End PBXResourcesBuildPhase section */

/* Begin PBXSourcesBuildPhase section */
		BADD53A028BCFFDC0084419D /* Sources */ = {
			isa = PBXSourcesBuildPhase;
			buildActionMask = 2147483647;
			files = (
				BADD53AA28BCFFDC0084419D /* ContentView.swift in Sources */,
				BADD53B628BDE5E30084419D /* LibraryView.swift in Sources */,
				BADD53B828BE75A60084419D /* TabsView.swift in Sources */,
				BADD53C028BE78640084419D /* LibraryData.swift in Sources */,
				BADD53BE28BE78410084419D /* EditLibrary.swift in Sources */,
				BADD53BA28BE76550084419D /* NowPlayingBar.swift in Sources */,
				BADD53A828BCFFDC0084419D /* hw17App.swift in Sources */,
				BADD53BC28BE78010084419D /* MainLibrary.swift in Sources */,
			);
			runOnlyForDeploymentPostprocessing = 0;
		};
/* End PBXSourcesBuildPhase section */

/* Begin XCBuildConfiguration section */
		BADD53B028BCFFDE0084419D /* Debug */ = {
			isa = XCBuildConfiguration;
			buildSettings = {
				ALWAYS_SEARCH_USER_PATHS = NO;
				CLANG_ANALYZER_NONNULL = YES;
				CLANG_ANALYZER_NUMBER_OBJECT_CONVERSION = YES_AGGRESSIVE;
				CLANG_CXX_LANGUAGE_STANDARD = "gnu++17";
				CLANG_ENABLE_MODULES = YES;
				CLANG_ENABLE_OBJC_ARC = YES;
				CLANG_ENABLE_OBJC_WEAK = YES;
				CLANG_WARN_BLOCK_CAPTURE_AUTORELEASING = YES;
				CLANG_WARN_BOOL_CONVERSION = YES;
				CLANG_WARN_COMMA = YES;
				CLANG_WARN_CONSTANT_CONVERSION = YES;
				CLANG_WARN_DEPRECATED_OBJC_IMPLEMENTATIONS = YES;
				CLANG_WARN_DIRECT_OBJC_ISA_USAGE = YES_ERROR;
				CLANG_WARN_DOCUMENTATION_COMMENTS = YES;
				CLANG_WARN_EMPTY_BODY = YES;
				CLANG_WARN_ENUM_CONVERSION = YES;
				CLANG_WARN_INFINITE_RECURSION = YES;
				CLANG_WARN_INT_CONVERSION = YES;
				CLANG_WARN_NON_LITERAL_NULL_CONVERSION = YES;
				CLANG_WARN_OBJC_IMPLICIT_RETAIN_SELF = YES;
				CLANG_WARN_OBJC_LITERAL_CONVERSION = YES;
				CLANG_WARN_OBJC_ROOT_CLASS = YES_ERROR;
				CLANG_WARN_QUOTED_INCLUDE_IN_FRAMEWORK_HEADER = YES;
				CLANG_WARN_RANGE_LOOP_ANALYSIS = YES;
				CLANG_WARN_STRICT_PROTOTYPES = YES;
				CLANG_WARN_SUSPICIOUS_MOVE = YES;
				CLANG_WARN_UNGUARDED_AVAILABILITY = YES_AGGRESSIVE;
				CLANG_WARN_UNREACHABLE_CODE = YES;
				CLANG_WARN__DUPLICATE_METHOD_MATCH = YES;
				COPY_PHASE_STRIP = NO;
				DEBUG_INFORMATION_FORMAT = dwarf;
				ENABLE_STRICT_OBJC_MSGSEND = YES;
				ENABLE_TESTABILITY = YES;
				GCC_C_LANGUAGE_STANDARD = gnu11;
				GCC_DYNAMIC_NO_PIC = NO;
				GCC_NO_COMMON_BLOCKS = YES;
				GCC_OPTIMIZATION_LEVEL = 0;
				GCC_PREPROCESSOR_DEFINITIONS = (
					"DEBUG=1",
					"$(inherited)",
				);
				GCC_WARN_64_TO_32_BIT_CONVERSION = YES;
				GCC_WARN_ABOUT_RETURN_TYPE = YES_ERROR;
				GCC_WARN_UNDECLARED_SELECTOR = YES;
				GCC_WARN_UNINITIALIZED_AUTOS = YES_AGGRESSIVE;
				GCC_WARN_UNUSED_FUNCTION = YES;
				GCC_WARN_UNUSED_VARIABLE = YES;
				IPHONEOS_DEPLOYMENT_TARGET = 15.4;
				MTL_ENABLE_DEBUG_INFO = INCLUDE_SOURCE;
				MTL_FAST_MATH = YES;
				ONLY_ACTIVE_ARCH = YES;
				SDKROOT = iphoneos;
				SWIFT_ACTIVE_COMPILATION_CONDITIONS = DEBUG;
				SWIFT_OPTIMIZATION_LEVEL = "-Onone";
			};
			name = Debug;
		};
		BADD53B128BCFFDE0084419D /* Release */ = {
			isa = XCBuildConfiguration;
			buildSettings = {
				ALWAYS_SEARCH_USER_PATHS = NO;
				CLANG_ANALYZER_NONNULL = YES;
				CLANG_ANALYZER_NUMBER_OBJECT_CONVERSION = YES_AGGRESSIVE;
				CLANG_CXX_LANGUAGE_STANDARD = "gnu++17";
				CLANG_ENABLE_MODULES = YES;
				CLANG_ENABLE_OBJC_ARC = YES;
				CLANG_ENABLE_OBJC_WEAK = YES;
				CLANG_WARN_BLOCK_CAPTURE_AUTORELEASING = YES;
				CLANG_WARN_BOOL_CONVERSION = YES;
				CLANG_WARN_COMMA = YES;
				CLANG_WARN_CONSTANT_CONVERSION = YES;
				CLANG_WARN_DEPRECATED_OBJC_IMPLEMENTATIONS = YES;
				CLANG_WARN_DIRECT_OBJC_ISA_USAGE = YES_ERROR;
				CLANG_WARN_DOCUMENTATION_COMMENTS = YES;
				CLANG_WARN_EMPTY_BODY = YES;
				CLANG_WARN_ENUM_CONVERSION = YES;
				CLANG_WARN_INFINITE_RECURSION = YES;
				CLANG_WARN_INT_CONVERSION = YES;
				CLANG_WARN_NON_LITERAL_NULL_CONVERSION = YES;
				CLANG_WARN_OBJC_IMPLICIT_RETAIN_SELF = YES;
				CLANG_WARN_OBJC_LITERAL_CONVERSION = YES;
				CLANG_WARN_OBJC_ROOT_CLASS = YES_ERROR;
				CLANG_WARN_QUOTED_INCLUDE_IN_FRAMEWORK_HEADER = YES;
				CLANG_WARN_RANGE_LOOP_ANALYSIS = YES;
				CLANG_WARN_STRICT_PROTOTYPES = YES;
				CLANG_WARN_SUSPICIOUS_MOVE = YES;
				CLANG_WARN_UNGUARDED_AVAILABILITY = YES_AGGRESSIVE;
				CLANG_WARN_UNREACHABLE_CODE = YES;
				CLANG_WARN__DUPLICATE_METHOD_MATCH = YES;
				COPY_PHASE_STRIP = NO;
				DEBUG_INFORMATION_FORMAT = "dwarf-with-dsym";
				ENABLE_NS_ASSERTIONS = NO;
				ENABLE_STRICT_OBJC_MSGSEND = YES;
				GCC_C_LANGUAGE_STANDARD = gnu11;
				GCC_NO_COMMON_BLOCKS = YES;
				GCC_WARN_64_TO_32_BIT_CONVERSION = YES;
				GCC_WARN_ABOUT_RETURN_TYPE = YES_ERROR;
				GCC_WARN_UNDECLARED_SELECTOR = YES;
				GCC_WARN_UNINITIALIZED_AUTOS = YES_AGGRESSIVE;
				GCC_WARN_UNUSED_FUNCTION = YES;
				GCC_WARN_UNUSED_VARIABLE = YES;
				IPHONEOS_DEPLOYMENT_TARGET = 15.4;
				MTL_ENABLE_DEBUG_INFO = NO;
				MTL_FAST_MATH = YES;
				SDKROOT = iphoneos;
				SWIFT_COMPILATION_MODE = wholemodule;
				SWIFT_OPTIMIZATION_LEVEL = "-O";
				VALIDATE_PRODUCT = YES;
			};
			name = Release;
		};
		BADD53B328BCFFDE0084419D /* Debug */ = {
			isa = XCBuildConfiguration;
			buildSettings = {
				ASSETCATALOG_COMPILER_APPICON_NAME = AppIcon;
				ASSETCATALOG_COMPILER_GLOBAL_ACCENT_COLOR_NAME = AccentColor;
				CODE_SIGN_STYLE = Automatic;
				CURRENT_PROJECT_VERSION = 1;
				DEVELOPMENT_ASSET_PATHS = "\"hw17/Preview Content\"";
				DEVELOPMENT_TEAM = 9A7Q9CH3UQ;
				ENABLE_PREVIEWS = YES;
				GENERATE_INFOPLIST_FILE = YES;
				INFOPLIST_KEY_UIApplicationSceneManifest_Generation = YES;
				INFOPLIST_KEY_UIApplicationSupportsIndirectInputEvents = YES;
				INFOPLIST_KEY_UILaunchScreen_Generation = YES;
				INFOPLIST_KEY_UISupportedInterfaceOrientations_iPad = "UIInterfaceOrientationPortrait UIInterfaceOrientationPortraitUpsideDown UIInterfaceOrientationLandscapeLeft UIInterfaceOrientationLandscapeRight";
				INFOPLIST_KEY_UISupportedInterfaceOrientations_iPhone = "UIInterfaceOrientationPortrait UIInterfaceOrientationLandscapeLeft UIInterfaceOrientationLandscapeRight";
				LD_RUNPATH_SEARCH_PATHS = (
					"$(inherited)",
					"@executable_path/Frameworks",
				);
				MARKETING_VERSION = 1.0;
				PRODUCT_BUNDLE_IDENTIFIER = alexeypanda.hw17;
				PRODUCT_NAME = "$(TARGET_NAME)";
				SWIFT_EMIT_LOC_STRINGS = YES;
				SWIFT_VERSION = 5.0;
				TARGETED_DEVICE_FAMILY = "1,2";
			};
			name = Debug;
		};
		BADD53B428BCFFDE0084419D /* Release */ = {
			isa = XCBuildConfiguration;
			buildSettings = {
				ASSETCATALOG_COMPILER_APPICON_NAME = AppIcon;
				ASSETCATALOG_COMPILER_GLOBAL_ACCENT_COLOR_NAME = AccentColor;
				CODE_SIGN_STYLE = Automatic;
				CURRENT_PROJECT_VERSION = 1;
				DEVELOPMENT_ASSET_PATHS = "\"hw17/Preview Content\"";
				DEVELOPMENT_TEAM = 9A7Q9CH3UQ;
				ENABLE_PREVIEWS = YES;
				GENERATE_INFOPLIST_FILE = YES;
				INFOPLIST_KEY_UIApplicationSceneManifest_Generation = YES;
				INFOPLIST_KEY_UIApplicationSupportsIndirectInputEvents = YES;
				INFOPLIST_KEY_UILaunchScreen_Generation = YES;
				INFOPLIST_KEY_UISupportedInterfaceOrientations_iPad = "UIInterfaceOrientationPortrait UIInterfaceOrientationPortraitUpsideDown UIInterfaceOrientationLandscapeLeft UIInterfaceOrientationLandscapeRight";
				INFOPLIST_KEY_UISupportedInterfaceOrientations_iPhone = "UIInterfaceOrientationPortrait UIInterfaceOrientationLandscapeLeft UIInterfaceOrientationLandscapeRight";
				LD_RUNPATH_SEARCH_PATHS = (
					"$(inherited)",
					"@executable_path/Frameworks",
				);
				MARKETING_VERSION = 1.0;
				PRODUCT_BUNDLE_IDENTIFIER = alexeypanda.hw17;
				PRODUCT_NAME = "$(TARGET_NAME)";
				SWIFT_EMIT_LOC_STRINGS = YES;
				SWIFT_VERSION = 5.0;
				TARGETED_DEVICE_FAMILY = "1,2";
			};
			name = Release;
		};
/* End XCBuildConfiguration section */

/* Begin XCConfigurationList section */
		BADD539F28BCFFDC0084419D /* Build configuration list for PBXProject "hw17" */ = {
			isa = XCConfigurationList;
			buildConfigurations = (
				BADD53B028BCFFDE0084419D /* Debug */,
				BADD53B128BCFFDE0084419D /* Release */,
			);
			defaultConfigurationIsVisible = 0;
			defaultConfigurationName = Release;
		};
		BADD53B228BCFFDE0084419D /* Build configuration list for PBXNativeTarget "hw17" */ = {
			isa = XCConfigurationList;
			buildConfigurations = (
				BADD53B328BCFFDE0084419D /* Debug */,
				BADD53B428BCFFDE0084419D /* Release */,
			);
			defaultConfigurationIsVisible = 0;
			defaultConfigurationName = Release;
		};
/* End XCConfigurationList section */
	};
	rootObject = BADD539C28BCFFDC0084419D /* Project object */;
}
